<?xml version="1.0" encoding="UTF-8" standalone="yes" ?>
<CodeBlocks_project_file>
	<FileVersion major="1" minor="6" />
	<Project>
		<Option title="Tetris" />
		<Option pch_mode="2" />
		<Option compiler="gcc" />
		<Build>
			<Target title="Debug">
				<Option output="bin/Debug/Tetris" prefix_auto="1" extension_auto="1" />
				<Option object_output="obj/Debug/" />
				<Option type="1" />
				<Option compiler="gcc" />
				<Compiler>
					<Add option="-g" />
				</Compiler>
			</Target>
			<Target title="Release">
				<Option output="bin/Release/Tetris" prefix_auto="1" extension_auto="1" />
				<Option object_output="obj/Release/" />
				<Option type="0" />
				<Option compiler="gcc" />
				<Compiler>
					<Add option="-O2" />
				</Compiler>
				<Linker>
					<Add option="-s" />
				</Linker>
			</Target>
		</Build>
		<Compiler>
			<Add option="-Wall" />
			<Add option="`sdl-config --cflags`" />
		</Compiler>
		<Linker>
			<Add option="`sdl-config --libs` -lSDL_ttf -lSDL_image" />
			<Add option="-lSDL_ttf" />
			<Add option="-lSDL_image" />
		</Linker>
		<Unit filename="../data/gridge.bmp" />
		<Unit filename="../data/piece.bmp" />
		<Unit filename="LoopTETRIS_SDL.c">
			<Option compilerVar="CC" />
		</Unit>
		<Unit filename="LoopTETRIS_SDL.h" />
		<Unit filename="binarytrees.c">
			<Option compilerVar="CC" />
		</Unit>
		<Unit filename="binarytrees.h" />
		<Unit filename="board.c">
			<Option compilerVar="CC" />
		</Unit>
		<Unit filename="board.h" />
		<Unit filename="bool.h" />
		<Unit filename="cb.bmp" />
		<Unit filename="main.c">
			<Option compilerVar="CC" />
		</Unit>
		<Unit filename="piece.c">
			<Option compilerVar="CC" />
		</Unit>
		<Unit filename="piece.h" />
		<Unit filename="player.c">
			<Option compilerVar="CC" />
		</Unit>
		<Unit filename="player.h" />
		<Unit filename="shapes.h" />
		<Unit filename="tetris.c">
			<Option compilerVar="CC" />
		</Unit>
		<Unit filename="tetris.h" />
		<Extensions>
			<code_completion />
			<debugger />
		</Extensions>
	</Project>
</CodeBlocks_project_file>
